// !$*UTF8*$!
{
	archiveVersion = 1;
	classes = {
	};
	objectVersion = 56;
	objects = {

/* Begin PBXBuildFile section */
		8ECB71BC2B04F06A00B45F1F /* AppDelegate.swift in Sources */ = {isa = PBXBuildFile; fileRef = 8ECB71BB2B04F06A00B45F1F /* AppDelegate.swift */; };
		8ECB71BE2B04F06A00B45F1F /* SceneDelegate.swift in Sources */ = {isa = PBXBuildFile; fileRef = 8ECB71BD2B04F06A00B45F1F /* SceneDelegate.swift */; };
		8ECB71C02B04F06A00B45F1F /* ViewController.swift in Sources */ = {isa = PBXBuildFile; fileRef = 8ECB71BF2B04F06A00B45F1F /* ViewController.swift */; };
		8ECB71C32B04F06A00B45F1F /* Main.storyboard in Resources */ = {isa = PBXBuildFile; fileRef = 8ECB71C12B04F06A00B45F1F /* Main.storyboard */; };
		8ECB71C62B04F06A00B45F1F /* coredata.xcdatamodeld in Sources */ = {isa = PBXBuildFile; fileRef = 8ECB71C42B04F06A00B45F1F /* coredata.xcdatamodeld */; };
		8ECB71C82B04F06C00B45F1F /* Assets.xcassets in Resources */ = {isa = PBXBuildFile; fileRef = 8ECB71C72B04F06C00B45F1F /* Assets.xcassets */; };
		8ECB71CB2B04F06C00B45F1F /* LaunchScreen.storyboard in Resources */ = {isa = PBXBuildFile; fileRef = 8ECB71C92B04F06C00B45F1F /* LaunchScreen.storyboard */; };
		8ECB71D72B04F06D00B45F1F /* coredataTests.swift in Sources */ = {isa = PBXBuildFile; fileRef = 8ECB71D62B04F06D00B45F1F /* coredataTests.swift */; };
		8ECB71E12B04F06D00B45F1F /* coredataUITests.swift in Sources */ = {isa = PBXBuildFile; fileRef = 8ECB71E02B04F06D00B45F1F /* coredataUITests.swift */; };
		8ECB71E32B04F06D00B45F1F /* coredataUITestsLaunchTests.swift in Sources */ = {isa = PBXBuildFile; fileRef = 8ECB71E22B04F06D00B45F1F /* coredataUITestsLaunchTests.swift */; };
/* End PBXBuildFile section */

/* Begin PBXContainerItemProxy section */
		8ECB71D32B04F06D00B45F1F /* PBXContainerItemProxy */ = {
			isa = PBXContainerItemProxy;
			containerPortal = 8ECB71B02B04F06A00B45F1F /* Project object */;
			proxyType = 1;
			remoteGlobalIDString = 8ECB71B72B04F06A00B45F1F;
			remoteInfo = coredata;
		};
		8ECB71DD2B04F06D00B45F1F /* PBXContainerItemProxy */ = {
			isa = PBXContainerItemProxy;
			containerPortal = 8ECB71B02B04F06A00B45F1F /* Project object */;
			proxyType = 1;
			remoteGlobalIDString = 8ECB71B72B04F06A00B45F1F;
			remoteInfo = coredata;
		};
/* End PBXContainerItemProxy section */

/* Begin PBXFileReference section */
		8ECB71B82B04F06A00B45F1F /* coredata.app */ = {isa = PBXFileReference; explicitFileType = wrapper.application; includeInIndex = 0; path = coredata.app; sourceTree = BUILT_PRODUCTS_DIR; };
		8ECB71BB2B04F06A00B45F1F /* AppDelegate.swift */ = {isa = PBXFileReference; lastKnownFileType = sourcecode.swift; path = AppDelegate.swift; sourceTree = "<group>"; };
		8ECB71BD2B04F06A00B45F1F /* SceneDelegate.swift */ = {isa = PBXFileReference; lastKnownFileType = sourcecode.swift; path = SceneDelegate.swift; sourceTree = "<group>"; };
		8ECB71BF2B04F06A00B45F1F /* ViewController.swift */ = {isa = PBXFileReference; lastKnownFileType = sourcecode.swift; path = ViewController.swift; sourceTree = "<group>"; };
		8ECB71C22B04F06A00B45F1F /* Base */ = {isa = PBXFileReference; lastKnownFileType = file.storyboard; name = Base; path = Base.lproj/Main.storyboard; sourceTree = "<group>"; };
		8ECB71C52B04F06A00B45F1F /* coredata.xcdatamodel */ = {isa = PBXFileReference; lastKnownFileType = wrapper.xcdatamodel; path = coredata.xcdatamodel; sourceTree = "<group>"; };
		8ECB71C72B04F06C00B45F1F /* Assets.xcassets */ = {isa = PBXFileReference; lastKnownFileType = folder.assetcatalog; path = Assets.xcassets; sourceTree = "<group>"; };
		8ECB71CA2B04F06C00B45F1F /* Base */ = {isa = PBXFileReference; lastKnownFileType = file.storyboard; name = Base; path = Base.lproj/LaunchScreen.storyboard; sourceTree = "<group>"; };
		8ECB71CC2B04F06C00B45F1F /* coredata.entitlements */ = {isa = PBXFileReference; lastKnownFileType = text.plist.entitlements; path = coredata.entitlements; sourceTree = "<group>"; };
		8ECB71CD2B04F06C00B45F1F /* Info.plist */ = {isa = PBXFileReference; lastKnownFileType = text.plist.xml; path = Info.plist; sourceTree = "<group>"; };
		8ECB71D22B04F06D00B45F1F /* coredataTests.xctest */ = {isa = PBXFileReference; explicitFileType = wrapper.cfbundle; includeInIndex = 0; path = coredataTests.xctest; sourceTree = BUILT_PRODUCTS_DIR; };
		8ECB71D62B04F06D00B45F1F /* coredataTests.swift */ = {isa = PBXFileReference; lastKnownFileType = sourcecode.swift; path = coredataTests.swift; sourceTree = "<group>"; };
		8ECB71DC2B04F06D00B45F1F /* coredataUITests.xctest */ = {isa = PBXFileReference; explicitFileType = wrapper.cfbundle; includeInIndex = 0; path = coredataUITests.xctest; sourceTree = BUILT_PRODUCTS_DIR; };
		8ECB71E02B04F06D00B45F1F /* coredataUITests.swift */ = {isa = PBXFileReference; lastKnownFileType = sourcecode.swift; path = coredataUITests.swift; sourceTree = "<group>"; };
		8ECB71E22B04F06D00B45F1F /* coredataUITestsLaunchTests.swift */ = {isa = PBXFileReference; lastKnownFileType = sourcecode.swift; path = coredataUITestsLaunchTests.swift; sourceTree = "<group>"; };
/* End PBXFileReference section */

/* Begin PBXFrameworksBuildPhase section */
		8ECB71B52B04F06A00B45F1F /* Frameworks */ = {
			isa = PBXFrameworksBuildPhase;
			buildActionMask = 2147483647;
			files = (
			);
			runOnlyForDeploymentPostprocessing = 0;
		};
		8ECB71CF2B04F06D00B45F1F /* Frameworks */ = {
			isa = PBXFrameworksBuildPhase;
			buildActionMask = 2147483647;
			files = (
			);
			runOnlyForDeploymentPostprocessing = 0;
		};
		8ECB71D92B04F06D00B45F1F /* Frameworks */ = {
			isa = PBXFrameworksBuildPhase;
			buildActionMask = 2147483647;
			files = (
			);
			runOnlyForDeploymentPostprocessing = 0;
		};
/* End PBXFrameworksBuildPhase section */

/* Begin PBXGroup section */
		8ECB71AF2B04F06A00B45F1F = {
			isa = PBXGroup;
			children = (
				8ECB71BA2B04F06A00B45F1F /* coredata */,
				8ECB71D52B04F06D00B45F1F /* coredataTests */,
				8ECB71DF2B04F06D00B45F1F /* coredataUITests */,
				8ECB71B92B04F06A00B45F1F /* Products */,
			);
			sourceTree = "<group>";
		};
		8ECB71B92B04F06A00B45F1F /* Products */ = {
			isa = PBXGroup;
			children = (
				8ECB71B82B04F06A00B45F1F /* coredata.app */,
				8ECB71D22B04F06D00B45F1F /* coredataTests.xctest */,
				8ECB71DC2B04F06D00B45F1F /* coredataUITests.xctest */,
			);
			name = Products;
			sourceTree = "<group>";
		};
		8ECB71BA2B04F06A00B45F1F /* coredata */ = {
			isa = PBXGroup;
			children = (
				8ECB71BB2B04F06A00B45F1F /* AppDelegate.swift */,
				8ECB71BD2B04F06A00B45F1F /* SceneDelegate.swift */,
				8ECB71BF2B04F06A00B45F1F /* ViewController.swift */,
				8ECB71C12B04F06A00B45F1F /* Main.storyboard */,
				8ECB71C72B04F06C00B45F1F /* Assets.xcassets */,
				8ECB71C92B04F06C00B45F1F /* LaunchScreen.storyboard */,
				8ECB71CC2B04F06C00B45F1F /* coredata.entitlements */,
				8ECB71CD2B04F06C00B45F1F /* Info.plist */,
				8ECB71C42B04F06A00B45F1F /* coredata.xcdatamodeld */,
			);
			path = coredata;
			sourceTree = "<group>";
		};
		8ECB71D52B04F06D00B45F1F /* coredataTests */ = {
			isa = PBXGroup;
			children = (
				8ECB71D62B04F06D00B45F1F /* coredataTests.swift */,
			);
			path = coredataTests;
			sourceTree = "<group>";
		};
		8ECB71DF2B04F06D00B45F1F /* coredataUITests */ = {
			isa = PBXGroup;
			children = (
				8ECB71E02B04F06D00B45F1F /* coredataUITests.swift */,
				8ECB71E22B04F06D00B45F1F /* coredataUITestsLaunchTests.swift */,
			);
			path = coredataUITests;
			sourceTree = "<group>";
		};
/* End PBXGroup section */

/* Begin PBXNativeTarget section */
		8ECB71B72B04F06A00B45F1F /* coredata */ = {
			isa = PBXNativeTarget;
			buildConfigurationList = 8ECB71E62B04F06D00B45F1F /* Build configuration list for PBXNativeTarget "coredata" */;
			buildPhases = (
				8ECB71B42B04F06A00B45F1F /* Sources */,
				8ECB71B52B04F06A00B45F1F /* Frameworks */,
				8ECB71B62B04F06A00B45F1F /* Resources */,
			);
			buildRules = (
			);
			dependencies = (
			);
			name = coredata;
			productName = coredata;
			productReference = 8ECB71B82B04F06A00B45F1F /* coredata.app */;
			productType = "com.apple.product-type.application";
		};
		8ECB71D12B04F06D00B45F1F /* coredataTests */ = {
			isa = PBXNativeTarget;
			buildConfigurationList = 8ECB71E92B04F06D00B45F1F /* Build configuration list for PBXNativeTarget "coredataTests" */;
			buildPhases = (
				8ECB71CE2B04F06D00B45F1F /* Sources */,
				8ECB71CF2B04F06D00B45F1F /* Frameworks */,
				8ECB71D02B04F06D00B45F1F /* Resources */,
			);
			buildRules = (
			);
			dependencies = (
				8ECB71D42B04F06D00B45F1F /* PBXTargetDependency */,
			);
			name = coredataTests;
			productName = coredataTests;
			productReference = 8ECB71D22B04F06D00B45F1F /* coredataTests.xctest */;
			productType = "com.apple.product-type.bundle.unit-test";
		};
		8ECB71DB2B04F06D00B45F1F /* coredataUITests */ = {
			isa = PBXNativeTarget;
			buildConfigurationList = 8ECB71EC2B04F06D00B45F1F /* Build configuration list for PBXNativeTarget "coredataUITests" */;
			buildPhases = (
				8ECB71D82B04F06D00B45F1F /* Sources */,
				8ECB71D92B04F06D00B45F1F /* Frameworks */,
				8ECB71DA2B04F06D00B45F1F /* Resources */,
			);
			buildRules = (
			);
			dependencies = (
				8ECB71DE2B04F06D00B45F1F /* PBXTargetDependency */,
			);
			name = coredataUITests;
			productName = coredataUITests;
			productReference = 8ECB71DC2B04F06D00B45F1F /* coredataUITests.xctest */;
			productType = "com.apple.product-type.bundle.ui-testing";
		};
/* End PBXNativeTarget section */

/* Begin PBXProject section */
		8ECB71B02B04F06A00B45F1F /* Project object */ = {
			isa = PBXProject;
			attributes = {
				BuildIndependentTargetsInParallel = 1;
				LastSwiftUpdateCheck = 1500;
				LastUpgradeCheck = 1500;
				TargetAttributes = {
					8ECB71B72B04F06A00B45F1F = {
						CreatedOnToolsVersion = 15.0.1;
					};
					8ECB71D12B04F06D00B45F1F = {
						CreatedOnToolsVersion = 15.0.1;
						TestTargetID = 8ECB71B72B04F06A00B45F1F;
					};
					8ECB71DB2B04F06D00B45F1F = {
						CreatedOnToolsVersion = 15.0.1;
						TestTargetID = 8ECB71B72B04F06A00B45F1F;
					};
				};
			};
			buildConfigurationList = 8ECB71B32B04F06A00B45F1F /* Build configuration list for PBXProject "coredata" */;
			compatibilityVersion = "Xcode 14.0";
			developmentRegion = en;
			hasScannedForEncodings = 0;
			knownRegions = (
				en,
				Base,
			);
			mainGroup = 8ECB71AF2B04F06A00B45F1F;
			productRefGroup = 8ECB71B92B04F06A00B45F1F /* Products */;
			projectDirPath = "";
			projectRoot = "";
			targets = (
				8ECB71B72B04F06A00B45F1F /* coredata */,
				8ECB71D12B04F06D00B45F1F /* coredataTests */,
				8ECB71DB2B04F06D00B45F1F /* coredataUITests */,
			);
		};
/* End PBXProject section */

/* Begin PBXResourcesBuildPhase section */
		8ECB71B62B04F06A00B45F1F /* Resources */ = {
			isa = PBXResourcesBuildPhase;
			buildActionMask = 2147483647;
			files = (
				8ECB71CB2B04F06C00B45F1F /* LaunchScreen.storyboard in Resources */,
				8ECB71C82B04F06C00B45F1F /* Assets.xcassets in Resources */,
				8ECB71C32B04F06A00B45F1F /* Main.storyboard in Resources */,
			);
			runOnlyForDeploymentPostprocessing = 0;
		};
		8ECB71D02B04F06D00B45F1F /* Resources */ = {
			isa = PBXResourcesBuildPhase;
			buildActionMask = 2147483647;
			files = (
			);
			runOnlyForDeploymentPostprocessing = 0;
		};
		8ECB71DA2B04F06D00B45F1F /* Resources */ = {
			isa = PBXResourcesBuildPhase;
			buildActionMask = 2147483647;
			files = (
			);
			runOnlyForDeploymentPostprocessing = 0;
		};
/* End PBXResourcesBuildPhase section */

/* Begin PBXSourcesBuildPhase section */
		8ECB71B42B04F06A00B45F1F /* Sources */ = {
			isa = PBXSourcesBuildPhase;
			buildActionMask = 2147483647;
			files = (
				8ECB71C62B04F06A00B45F1F /* coredata.xcdatamodeld in Sources */,
				8ECB71C02B04F06A00B45F1F /* ViewController.swift in Sources */,
				8ECB71BC2B04F06A00B45F1F /* AppDelegate.swift in Sources */,
				8ECB71BE2B04F06A00B45F1F /* SceneDelegate.swift in Sources */,
			);
			runOnlyForDeploymentPostprocessing = 0;
		};
		8ECB71CE2B04F06D00B45F1F /* Sources */ = {
			isa = PBXSourcesBuildPhase;
			buildActionMask = 2147483647;
			files = (
				8ECB71D72B04F06D00B45F1F /* coredataTests.swift in Sources */,
			);
			runOnlyForDeploymentPostprocessing = 0;
		};
		8ECB71D82B04F06D00B45F1F /* Sources */ = {
			isa = PBXSourcesBuildPhase;
			buildActionMask = 2147483647;
			files = (
				8ECB71E32B04F06D00B45F1F /* coredataUITestsLaunchTests.swift in Sources */,
				8ECB71E12B04F06D00B45F1F /* coredataUITests.swift in Sources */,
			);
			runOnlyForDeploymentPostprocessing = 0;
		};
/* End PBXSourcesBuildPhase section */

/* Begin PBXTargetDependency section */
		8ECB71D42B04F06D00B45F1F /* PBXTargetDependency */ = {
			isa = PBXTargetDependency;
			target = 8ECB71B72B04F06A00B45F1F /* coredata */;
			targetProxy = 8ECB71D32B04F06D00B45F1F /* PBXContainerItemProxy */;
		};
		8ECB71DE2B04F06D00B45F1F /* PBXTargetDependency */ = {
			isa = PBXTargetDependency;
			target = 8ECB71B72B04F06A00B45F1F /* coredata */;
			targetProxy = 8ECB71DD2B04F06D00B45F1F /* PBXContainerItemProxy */;
		};
/* End PBXTargetDependency section */

/* Begin PBXVariantGroup section */
		8ECB71C12B04F06A00B45F1F /* Main.storyboard */ = {
			isa = PBXVariantGroup;
			children = (
				8ECB71C22B04F06A00B45F1F /* Base */,
			);
			name = Main.storyboard;
			sourceTree = "<group>";
		};
		8ECB71C92B04F06C00B45F1F /* LaunchScreen.storyboard */ = {
			isa = PBXVariantGroup;
			children = (
				8ECB71CA2B04F06C00B45F1F /* Base */,
			);
			name = LaunchScreen.storyboard;
			sourceTree = "<group>";
		};
/* End PBXVariantGroup section */

/* Begin XCBuildConfiguration section */
		8ECB71E42B04F06D00B45F1F /* Debug */ = {
			isa = XCBuildConfiguration;
			buildSettings = {
				ALWAYS_SEARCH_USER_PATHS = NO;
				ASSETCATALOG_COMPILER_GENERATE_SWIFT_ASSET_SYMBOL_EXTENSIONS = YES;
				CLANG_ANALYZER_NONNULL = YES;
				CLANG_ANALYZER_NUMBER_OBJECT_CONVERSION = YES_AGGRESSIVE;
				CLANG_CXX_LANGUAGE_STANDARD = "gnu++20";
				CLANG_ENABLE_MODULES = YES;
				CLANG_ENABLE_OBJC_ARC = YES;
				CLANG_ENABLE_OBJC_WEAK = YES;
				CLANG_WARN_BLOCK_CAPTURE_AUTORELEASING = YES;
				CLANG_WARN_BOOL_CONVERSION = YES;
				CLANG_WARN_COMMA = YES;
				CLANG_WARN_CONSTANT_CONVERSION = YES;
				CLANG_WARN_DEPRECATED_OBJC_IMPLEMENTATIONS = YES;
				CLANG_WARN_DIRECT_OBJC_ISA_USAGE = YES_ERROR;
				CLANG_WARN_DOCUMENTATION_COMMENTS = YES;
				CLANG_WARN_EMPTY_BODY = YES;
				CLANG_WARN_ENUM_CONVERSION = YES;
				CLANG_WARN_INFINITE_RECURSION = YES;
				CLANG_WARN_INT_CONVERSION = YES;
				CLANG_WARN_NON_LITERAL_NULL_CONVERSION = YES;
				CLANG_WARN_OBJC_IMPLICIT_RETAIN_SELF = YES;
				CLANG_WARN_OBJC_LITERAL_CONVERSION = YES;
				CLANG_WARN_OBJC_ROOT_CLASS = YES_ERROR;
				CLANG_WARN_QUOTED_INCLUDE_IN_FRAMEWORK_HEADER = YES;
				CLANG_WARN_RANGE_LOOP_ANALYSIS = YES;
				CLANG_WARN_STRICT_PROTOTYPES = YES;
				CLANG_WARN_SUSPICIOUS_MOVE = YES;
				CLANG_WARN_UNGUARDED_AVAILABILITY = YES_AGGRESSIVE;
				CLANG_WARN_UNREACHABLE_CODE = YES;
				CLANG_WARN__DUPLICATE_METHOD_MATCH = YES;
				COPY_PHASE_STRIP = NO;
				DEBUG_INFORMATION_FORMAT = dwarf;
				ENABLE_STRICT_OBJC_MSGSEND = YES;
				ENABLE_TESTABILITY = YES;
				ENABLE_USER_SCRIPT_SANDBOXING = YES;
				GCC_C_LANGUAGE_STANDARD = gnu17;
				GCC_DYNAMIC_NO_PIC = NO;
				GCC_NO_COMMON_BLOCKS = YES;
				GCC_OPTIMIZATION_LEVEL = 0;
				GCC_PREPROCESSOR_DEFINITIONS = (
					"DEBUG=1",
					"$(inherited)",
				);
				GCC_WARN_64_TO_32_BIT_CONVERSION = YES;
				GCC_WARN_ABOUT_RETURN_TYPE = YES_ERROR;
				GCC_WARN_UNDECLARED_SELECTOR = YES;
				GCC_WARN_UNINITIALIZED_AUTOS = YES_AGGRESSIVE;
				GCC_WARN_UNUSED_FUNCTION = YES;
				GCC_WARN_UNUSED_VARIABLE = YES;
				IPHONEOS_DEPLOYMENT_TARGET = 17.0;
				LOCALIZATION_PREFERS_STRING_CATALOGS = YES;
				MTL_ENABLE_DEBUG_INFO = INCLUDE_SOURCE;
				MTL_FAST_MATH = YES;
				ONLY_ACTIVE_ARCH = YES;
				SDKROOT = iphoneos;
				SWIFT_ACTIVE_COMPILATION_CONDITIONS = "DEBUG $(inherited)";
				SWIFT_OPTIMIZATION_LEVEL = "-Onone";
			};
			name = Debug;
		};
		8ECB71E52B04F06D00B45F1F /* Release */ = {
			isa = XCBuildConfiguration;
			buildSettings = {
				ALWAYS_SEARCH_USER_PATHS = NO;
				ASSETCATALOG_COMPILER_GENERATE_SWIFT_ASSET_SYMBOL_EXTENSIONS = YES;
				CLANG_ANALYZER_NONNULL = YES;
				CLANG_ANALYZER_NUMBER_OBJECT_CONVERSION = YES_AGGRESSIVE;
				CLANG_CXX_LANGUAGE_STANDARD = "gnu++20";
				CLANG_ENABLE_MODULES = YES;
				CLANG_ENABLE_OBJC_ARC = YES;
				CLANG_ENABLE_OBJC_WEAK = YES;
				CLANG_WARN_BLOCK_CAPTURE_AUTORELEASING = YES;
				CLANG_WARN_BOOL_CONVERSION = YES;
				CLANG_WARN_COMMA = YES;
				CLANG_WARN_CONSTANT_CONVERSION = YES;
				CLANG_WARN_DEPRECATED_OBJC_IMPLEMENTATIONS = YES;
				CLANG_WARN_DIRECT_OBJC_ISA_USAGE = YES_ERROR;
				CLANG_WARN_DOCUMENTATION_COMMENTS = YES;
				CLANG_WARN_EMPTY_BODY = YES;
				CLANG_WARN_ENUM_CONVERSION = YES;
				CLANG_WARN_INFINITE_RECURSION = YES;
				CLANG_WARN_INT_CONVERSION = YES;
				CLANG_WARN_NON_LITERAL_NULL_CONVERSION = YES;
				CLANG_WARN_OBJC_IMPLICIT_RETAIN_SELF = YES;
				CLANG_WARN_OBJC_LITERAL_CONVERSION = YES;
				CLANG_WARN_OBJC_ROOT_CLASS = YES_ERROR;
				CLANG_WARN_QUOTED_INCLUDE_IN_FRAMEWORK_HEADER = YES;
				CLANG_WARN_RANGE_LOOP_ANALYSIS = YES;
				CLANG_WARN_STRICT_PROTOTYPES = YES;
				CLANG_WARN_SUSPICIOUS_MOVE = YES;
				CLANG_WARN_UNGUARDED_AVAILABILITY = YES_AGGRESSIVE;
				CLANG_WARN_UNREACHABLE_CODE = YES;
				CLANG_WARN__DUPLICATE_METHOD_MATCH = YES;
				COPY_PHASE_STRIP = NO;
				DEBUG_INFORMATION_FORMAT = "dwarf-with-dsym";
				ENABLE_NS_ASSERTIONS = NO;
				ENABLE_STRICT_OBJC_MSGSEND = YES;
				ENABLE_USER_SCRIPT_SANDBOXING = YES;
				GCC_C_LANGUAGE_STANDARD = gnu17;
				GCC_NO_COMMON_BLOCKS = YES;
				GCC_WARN_64_TO_32_BIT_CONVERSION = YES;
				GCC_WARN_ABOUT_RETURN_TYPE = YES_ERROR;
				GCC_WARN_UNDECLARED_SELECTOR = YES;
				GCC_WARN_UNINITIALIZED_AUTOS = YES_AGGRESSIVE;
				GCC_WARN_UNUSED_FUNCTION = YES;
				GCC_WARN_UNUSED_VARIABLE = YES;
				IPHONEOS_DEPLOYMENT_TARGET = 17.0;
				LOCALIZATION_PREFERS_STRING_CATALOGS = YES;
				MTL_ENABLE_DEBUG_INFO = NO;
				MTL_FAST_MATH = YES;
				SDKROOT = iphoneos;
				SWIFT_COMPILATION_MODE = wholemodule;
				VALIDATE_PRODUCT = YES;
			};
			name = Release;
		};
		8ECB71E72B04F06D00B45F1F /* Debug */ = {
			isa = XCBuildConfiguration;
			buildSettings = {
				ASSETCATALOG_COMPILER_APPICON_NAME = AppIcon;
				ASSETCATALOG_COMPILER_GLOBAL_ACCENT_COLOR_NAME = AccentColor;
				CODE_SIGN_ENTITLEMENTS = coredata/coredata.entitlements;
				CODE_SIGN_STYLE = Automatic;
				CURRENT_PROJECT_VERSION = 1;
				DEVELOPMENT_TEAM = ZHVNN72WW2;
				GENERATE_INFOPLIST_FILE = YES;
				INFOPLIST_FILE = coredata/Info.plist;
				INFOPLIST_KEY_UIApplicationSupportsIndirectInputEvents = YES;
				INFOPLIST_KEY_UILaunchStoryboardName = LaunchScreen;
				INFOPLIST_KEY_UIMainStoryboardFile = Main;
				INFOPLIST_KEY_UISupportedInterfaceOrientations_iPad = "UIInterfaceOrientationPortrait UIInterfaceOrientationPortraitUpsideDown UIInterfaceOrientationLandscapeLeft UIInterfaceOrientationLandscapeRight";
				INFOPLIST_KEY_UISupportedInterfaceOrientations_iPhone = "UIInterfaceOrientationPortrait UIInterfaceOrientationLandscapeLeft UIInterfaceOrientationLandscapeRight";
				LD_RUNPATH_SEARCH_PATHS = (
					"$(inherited)",
					"@executable_path/Frameworks",
				);
				MARKETING_VERSION = 1.0;
				PRODUCT_BUNDLE_IDENTIFIER = com.retvenstechnologies.coredata;
				PRODUCT_NAME = "$(TARGET_NAME)";
				SWIFT_EMIT_LOC_STRINGS = YES;
				SWIFT_VERSION = 5.0;
				TARGETED_DEVICE_FAMILY = "1,2";
			};
			name = Debug;
		};
		8ECB71E82B04F06D00B45F1F /* Release */ = {
			isa = XCBuildConfiguration;
			buildSettings = {
				ASSETCATALOG_COMPILER_APPICON_NAME = AppIcon;
				ASSETCATALOG_COMPILER_GLOBAL_ACCENT_COLOR_NAME = AccentColor;
				CODE_SIGN_ENTITLEMENTS = coredata/coredata.entitlements;
				CODE_SIGN_STYLE = Automatic;
				CURRENT_PROJECT_VERSION = 1;
				DEVELOPMENT_TEAM = ZHVNN72WW2;
				GENERATE_INFOPLIST_FILE = YES;
				INFOPLIST_FILE = coredata/Info.plist;
				INFOPLIST_KEY_UIApplicationSupportsIndirectInputEvents = YES;
				INFOPLIST_KEY_UILaunchStoryboardName = LaunchScreen;
				INFOPLIST_KEY_UIMainStoryboardFile = Main;
				INFOPLIST_KEY_UISupportedInterfaceOrientations_iPad = "UIInterfaceOrientationPortrait UIInterfaceOrientationPortraitUpsideDown UIInterfaceOrientationLandscapeLeft UIInterfaceOrientationLandscapeRight";
				INFOPLIST_KEY_UISupportedInterfaceOrientations_iPhone = "UIInterfaceOrientationPortrait UIInterfaceOrientationLandscapeLeft UIInterfaceOrientationLandscapeRight";
				LD_RUNPATH_SEARCH_PATHS = (
					"$(inherited)",
					"@executable_path/Frameworks",
				);
				MARKETING_VERSION = 1.0;
				PRODUCT_BUNDLE_IDENTIFIER = com.retvenstechnologies.coredata;
				PRODUCT_NAME = "$(TARGET_NAME)";
				SWIFT_EMIT_LOC_STRINGS = YES;
				SWIFT_VERSION = 5.0;
				TARGETED_DEVICE_FAMILY = "1,2";
			};
			name = Release;
		};
		8ECB71EA2B04F06D00B45F1F /* Debug */ = {
			isa = XCBuildConfiguration;
			buildSettings = {
				ALWAYS_EMBED_SWIFT_STANDARD_LIBRARIES = YES;
				BUNDLE_LOADER = "$(TEST_HOST)";
				CODE_SIGN_STYLE = Automatic;
				CURRENT_PROJECT_VERSION = 1;
				DEVELOPMENT_TEAM = ZHVNN72WW2;
				GENERATE_INFOPLIST_FILE = YES;
				IPHONEOS_DEPLOYMENT_TARGET = 17.0;
				MARKETING_VERSION = 1.0;
				PRODUCT_BUNDLE_IDENTIFIER = com.retvenstechnologies.coredataTests;
				PRODUCT_NAME = "$(TARGET_NAME)";
				SWIFT_EMIT_LOC_STRINGS = NO;
				SWIFT_VERSION = 5.0;
				TARGETED_DEVICE_FAMILY = "1,2";
				TEST_HOST = "$(BUILT_PRODUCTS_DIR)/coredata.app/$(BUNDLE_EXECUTABLE_FOLDER_PATH)/coredata";
			};
			name = Debug;
		};
		8ECB71EB2B04F06D00B45F1F /* Release */ = {
			isa = XCBuildConfiguration;
			buildSettings = {
				ALWAYS_EMBED_SWIFT_STANDARD_LIBRARIES = YES;
				BUNDLE_LOADER = "$(TEST_HOST)";
				CODE_SIGN_STYLE = Automatic;
				CURRENT_PROJECT_VERSION = 1;
				DEVELOPMENT_TEAM = ZHVNN72WW2;
				GENERATE_INFOPLIST_FILE = YES;
				IPHONEOS_DEPLOYMENT_TARGET = 17.0;
				MARKETING_VERSION = 1.0;
				PRODUCT_BUNDLE_IDENTIFIER = com.retvenstechnologies.coredataTests;
				PRODUCT_NAME = "$(TARGET_NAME)";
				SWIFT_EMIT_LOC_STRINGS = NO;
				SWIFT_VERSION = 5.0;
				TARGETED_DEVICE_FAMILY = "1,2";
				TEST_HOST = "$(BUILT_PRODUCTS_DIR)/coredata.app/$(BUNDLE_EXECUTABLE_FOLDER_PATH)/coredata";
			};
			name = Release;
		};
		8ECB71ED2B04F06D00B45F1F /* Debug */ = {
			isa = XCBuildConfiguration;
			buildSettings = {
				ALWAYS_EMBED_SWIFT_STANDARD_LIBRARIES = YES;
				CODE_SIGN_STYLE = Automatic;
				CURRENT_PROJECT_VERSION = 1;
				DEVELOPMENT_TEAM = ZHVNN72WW2;
				GENERATE_INFOPLIST_FILE = YES;
				MARKETING_VERSION = 1.0;
				PRODUCT_BUNDLE_IDENTIFIER = com.retvenstechnologies.coredataUITests;
				PRODUCT_NAME = "$(TARGET_NAME)";
				SWIFT_EMIT_LOC_STRINGS = NO;
				SWIFT_VERSION = 5.0;
				TARGETED_DEVICE_FAMILY = "1,2";
				TEST_TARGET_NAME = coredata;
			};
			name = Debug;
		};
		8ECB71EE2B04F06D00B45F1F /* Release */ = {
			isa = XCBuildConfiguration;
			buildSettings = {
				ALWAYS_EMBED_SWIFT_STANDARD_LIBRARIES = YES;
				CODE_SIGN_STYLE = Automatic;
				CURRENT_PROJECT_VERSION = 1;
				DEVELOPMENT_TEAM = ZHVNN72WW2;
				GENERATE_INFOPLIST_FILE = YES;
				MARKETING_VERSION = 1.0;
				PRODUCT_BUNDLE_IDENTIFIER = com.retvenstechnologies.coredataUITests;
				PRODUCT_NAME = "$(TARGET_NAME)";
				SWIFT_EMIT_LOC_STRINGS = NO;
				SWIFT_VERSION = 5.0;
				TARGETED_DEVICE_FAMILY = "1,2";
				TEST_TARGET_NAME = coredata;
			};
			name = Release;
		};
/* End XCBuildConfiguration section */

/* Begin XCConfigurationList section */
		8ECB71B32B04F06A00B45F1F /* Build configuration list for PBXProject "coredata" */ = {
			isa = XCConfigurationList;
			buildConfigurations = (
				8ECB71E42B04F06D00B45F1F /* Debug */,
				8ECB71E52B04F06D00B45F1F /* Release */,
			);
			defaultConfigurationIsVisible = 0;
			defaultConfigurationName = Release;
		};
		8ECB71E62B04F06D00B45F1F /* Build configuration list for PBXNativeTarget "coredata" */ = {
			isa = XCConfigurationList;
			buildConfigurations = (
				8ECB71E72B04F06D00B45F1F /* Debug */,
				8ECB71E82B04F06D00B45F1F /* Release */,
			);
			defaultConfigurationIsVisible = 0;
			defaultConfigurationName = Release;
		};
		8ECB71E92B04F06D00B45F1F /* Build configuration list for PBXNativeTarget "coredataTests" */ = {
			isa = XCConfigurationList;
			buildConfigurations = (
				8ECB71EA2B04F06D00B45F1F /* Debug */,
				8ECB71EB2B04F06D00B45F1F /* Release */,
			);
			defaultConfigurationIsVisible = 0;
			defaultConfigurationName = Release;
		};
		8ECB71EC2B04F06D00B45F1F /* Build configuration list for PBXNativeTarget "coredataUITests" */ = {
			isa = XCConfigurationList;
			buildConfigurations = (
				8ECB71ED2B04F06D00B45F1F /* Debug */,
				8ECB71EE2B04F06D00B45F1F /* Release */,
			);
			defaultConfigurationIsVisible = 0;
			defaultConfigurationName = Release;
		};
/* End XCConfigurationList section */

/* Begin XCVersionGroup section */
		8ECB71C42B04F06A00B45F1F /* coredata.xcdatamodeld */ = {
			isa = XCVersionGroup;
			children = (
				8ECB71C52B04F06A00B45F1F /* coredata.xcdatamodel */,
			);
			currentVersion = 8ECB71C52B04F06A00B45F1F /* coredata.xcdatamodel */;
			path = coredata.xcdatamodeld;
			sourceTree = "<group>";
			versionGroupType = wrapper.xcdatamodel;
		};
/* End XCVersionGroup section */
	};
	rootObject = 8ECB71B02B04F06A00B45F1F /* Project object */;
}
